
Microsoft Visual Studio Solution File, Format Version 12.00
# Visual Studio Version 16
VisualStudioVersion = 16.0.29409.12
MinimumVisualStudioVersion = 10.0.40219.1
Project("{FAE04EC0-301F-11D3-BF4B-00C04F79EFBC}") = "ThuCoreRazorPages", "ThuCoreRazorPages\ThuCoreRazorPages.csproj", "{7F4940E4-E9AF-4483-B257-2D4974AFE9FF}"
EndProject
Global
	GlobalSection(SolutionConfigurationPlatforms) = preSolution
		Debug|Any CPU = Debug|Any CPU
		Release|Any CPU = Release|Any CPU
	EndGlobalSection
	GlobalSection(ProjectConfigurationPlatforms) = postSolution
		{7F4940E4-E9AF-4483-B257-2D4974AFE9FF}.Debug|Any CPU.ActiveCfg = Debug|Any CPU
		{7F4940E4-E9AF-4483-B257-2D4974AFE9FF}.Debug|Any CPU.Build.0 = Debug|Any CPU
		{7F4940E4-E9AF-4483-B257-2D4974AFE9FF}.Release|Any CPU.ActiveCfg = Release|Any CPU
		{7F4940E4-E9AF-4483-B257-2D4974AFE9FF}.Release|Any CPU.Build.0 = Release|Any CPU
	EndGlobalSection
	GlobalSection(SolutionProperties) = preSolution
		HideSolutionNode = FALSE
	EndGlobalSection
	GlobalSection(ExtensibilityGlobals) = postSolution
		SolutionGuid = {1A4EC6C6-0EA4-4172-B765-2C184573831D}
	EndGlobalSection
EndGlobal
